# This file is automatically @generated by Cargo.
# It is not intended for manual editing.
version = 4

[[package]]
name = "srv"
version = "0.1.0"
dependencies = [
 "anyhow",
 "axum",
 "cap-std",
 "clap",
 "local-ip-address",
 "notify",
 "percent-encoding",
 "qrcode",
 "tokio",
 "tower-http",
 "tower-livereload",
]
